using System;
using System.Linq;
using System.Text.RegularExpressions;

class Program
{
    static void Main()
    {
        // Khai báo biến
        string Name;
        int TypeoC;
        double WaoLm;
        double WaoTm;
        //Tên Khách Hàng (Kiểm tra tên có lỗi hay không)
        Console.Write("Enter customer name: ");
        Name = Console.ReadLine();
        while (!(Name.All(c => char.IsLetter(c) || char.IsWhiteSpace(c))))
        {
            Console.WriteLine("Invalid name. Please enter a name containing at least one alphabetical character.");
            Console.Write("Enter customer name: ");
            Name = Console.ReadLine();
        }
        //Nhập loại khách hàng
        Console.Write("Enter type of customer: \n 1 for Household \n 2 for Administrative agency \n 3 for Production Units \n 4 for Business services  ");
        TypeoC = Convert.ToInt32(Console.ReadLine());
        //Nếu loại khách hàng bị lỗi
        while (TypeoC <= 0 || TypeoC > 4)
        {
            Console.WriteLine("Invalid type. Please enter Type of Customer again.");
            Console.Write("Enter type of customer: \n 1 for Household \n 2 for Administrative agency \n 3 for Production Units \n 4 for Business services  ");
            TypeoC = Convert.ToInt32(Console.ReadLine());
        }
        //Nhập vào mét khối nước tháng trước
        Console.Write("Enter water meter readings of last month: ");
        WaoLm = Convert.ToDouble(Console.ReadLine());
        //Nhập vào mét khối nước tháng này
        Console.Write("Enter water meter readings of this month: ");
        WaoTm = Convert.ToDouble(Console.ReadLine());
        //Lấy đối só từ người dùng rồi in ra giá trị
        NameofCustomer(Name);
        TypeofCustomer(TypeoC, WaoLm, WaoTm);
        PriceofWater(TypeoC, WaoLm, WaoTm);
    }
    //Hàm lấy tên khách hàng từ người dùng
    static void NameofCustomer(string Name)
    {
        Console.WriteLine("Name of customer: {0}", Name);
    }
    //Hàm tìm loại khách hàng
    static void TypeofCustomer(int TypeoC, double WaoLm, double WaoTm)
    {
        if (TypeoC == 1)
        {
            Console.WriteLine("Household customer");

        }
        else if (TypeoC == 2)
        {
            Console.WriteLine("Administrative agency, public services");
        }
        else if (TypeoC == 3)
        {
            Console.WriteLine("Production Units");
        }
        else if (TypeoC == 4)
        {
            Console.WriteLine("Business services");
        }
    }
    //Hàm tính khối nước trong 1 tháng
    static void PriceofWater(int TypeoC, double WaoLm, double WaoTm)
    {
        while (WaoLm > WaoTm)
        {
            Console.WriteLine("The water meter readings of last month can't be more than the water meter readings of this month. Please enter the input again");
            Console.Write("Enter water meter readings of last month: ");
            WaoLm = Convert.ToDouble(Console.ReadLine());

            Console.Write("Enter water meter readings of this month: ");
            WaoTm = Convert.ToDouble(Console.ReadLine());

        }
        //Tính tiền nước tháng này dựa theo khối lượng nước
        double price = 0;

        if (TypeoC == 1)
        {
            Console.Write("Enter number of family members: ");
            int member = Convert.ToInt32(Console.ReadLine());
            while (member <= 0)
            {
                Console.WriteLine("Family member can't be less than 0. Please enters valid family member!");
                member = Convert.ToInt32(Console.ReadLine());
            }
            double WoM = (WaoTm - WaoLm) / member;



            Console.WriteLine("Water consumption per family member: {0:F2}", WoM);

            if (WoM <= 10 && WoM >= 0)
            {
                price = (WoM * 5.973 * 0.1 + WoM * 5.973) * 1.1;
            }
            else if (WoM <= 20)
            {
                price = (WoM * 7.052 * 0.1 + WoM * 7.052) * 1.1;
            }
            else if (WoM <= 30)
            {
                price = (WoM * 8.699 * 0.1 + WoM * 8.699) * 1.1;
            }
            else
            {
                price = (WoM * 15.929 * 0.1 + WoM * 15.929) * 1.1;
            }
        }
        else if (TypeoC == 2)
        {
            price = (((WaoTm - WaoLm) * 9.955) * 1.1) * 1.1;
        }
        else if (TypeoC == 3)
        {
            price = ((WaoTm - WaoLm) * 11.615 * 1.1) * 1.1;
        }
        else if (TypeoC == 4)
        {
            price = ((WaoTm - WaoLm) * 22.068 * 1.1) * 1.1;
        }

        Console.WriteLine("Price of this month is: {0:F2}", price);
    }
}
